
Microsoft Visual Studio Solution File, Format Version 12.00
# Visual Studio Version 17
VisualStudioVersion = 17.4.33205.214
MinimumVisualStudioVersion = 10.0.40219.1
Project("{FAE04EC0-301F-11D3-BF4B-00C04F79EFBC}") = "WebSocket client", "WebSocket client\WebSocket client.csproj", "{B27B3AFA-AB9C-4152-B502-157DC134B8CE}"
EndProject
Global
	GlobalSection(SolutionConfigurationPlatforms) = preSolution
		Debug|Any CPU = Debug|Any CPU
		Release|Any CPU = Release|Any CPU
	EndGlobalSection
	GlobalSection(ProjectConfigurationPlatforms) = postSolution
		{B27B3AFA-AB9C-4152-B502-157DC134B8CE}.Debug|Any CPU.ActiveCfg = Debug|Any CPU
		{B27B3AFA-AB9C-4152-B502-157DC134B8CE}.Debug|Any CPU.Build.0 = Debug|Any CPU
		{B27B3AFA-AB9C-4152-B502-157DC134B8CE}.Release|Any CPU.ActiveCfg = Release|Any CPU
		{B27B3AFA-AB9C-4152-B502-157DC134B8CE}.Release|Any CPU.Build.0 = Release|Any CPU
	EndGlobalSection
	GlobalSection(SolutionProperties) = preSolution
		HideSolutionNode = FALSE
	EndGlobalSection
	GlobalSection(ExtensibilityGlobals) = postSolution
		SolutionGuid = {A5B299EC-AB60-4B84-89A2-460C4DBE5419}
	EndGlobalSection
EndGlobal
